
Microsoft Visual Studio Solution File, Format Version 12.00
# Visual Studio Version 16
VisualStudioVersion = 16.0.29424.173
MinimumVisualStudioVersion = 10.0.40219.1
Project("{9A19103F-16F7-4668-BE54-9A1E7A4F7556}") = "MT.OnlineRestaurant.ReviewManagement", "MT.OnlineRestaurant.ReviewManagement\MT.OnlineRestaurant.ReviewManagement.csproj", "{8C88268F-9543-499E-BD91-C8027707931D}"
EndProject
Project("{9A19103F-16F7-4668-BE54-9A1E7A4F7556}") = "MT.OnlineRestaurant.BusinessEntities", "MT.OnlineRestaurant.BusinessEntities\MT.OnlineRestaurant.BusinessEntities.csproj", "{FA01EB5D-9466-442E-936C-68BB00B87AB5}"
EndProject
Project("{9A19103F-16F7-4668-BE54-9A1E7A4F7556}") = "MT.OnlineRestaurant.BusinessLayer", "MT.OnlineRestaurant.BusinessLayer\MT.OnlineRestaurant.BusinessLayer.csproj", "{64C0784E-7543-4B14-BAF7-0BAE643C1B93}"
EndProject
Project("{9A19103F-16F7-4668-BE54-9A1E7A4F7556}") = "MT.OnlineRestaurant.DataLayer", "MT.OnlineRestaurant.DataLayer\MT.OnlineRestaurant.DataLayer.csproj", "{E0AA4D51-DFEB-43ED-8FC1-975ED9E263F0}"
EndProject
Project("{FAE04EC0-301F-11D3-BF4B-00C04F79EFBC}") = "MT.OnlineRestaurent.Reviewservice.UnitTest", "MT.OnlineRestaurent.Reviewservice.UnitTest\MT.OnlineRestaurent.Reviewservice.UnitTest.csproj", "{C53CF9A0-6310-4796-B733-86BCA0E87A43}"
EndProject
Global
	GlobalSection(SolutionConfigurationPlatforms) = preSolution
		Debug|Any CPU = Debug|Any CPU
		Release|Any CPU = Release|Any CPU
	EndGlobalSection
	GlobalSection(ProjectConfigurationPlatforms) = postSolution
		{8C88268F-9543-499E-BD91-C8027707931D}.Debug|Any CPU.ActiveCfg = Debug|Any CPU
		{8C88268F-9543-499E-BD91-C8027707931D}.Debug|Any CPU.Build.0 = Debug|Any CPU
		{8C88268F-9543-499E-BD91-C8027707931D}.Release|Any CPU.ActiveCfg = Release|Any CPU
		{8C88268F-9543-499E-BD91-C8027707931D}.Release|Any CPU.Build.0 = Release|Any CPU
		{FA01EB5D-9466-442E-936C-68BB00B87AB5}.Debug|Any CPU.ActiveCfg = Debug|Any CPU
		{FA01EB5D-9466-442E-936C-68BB00B87AB5}.Debug|Any CPU.Build.0 = Debug|Any CPU
		{FA01EB5D-9466-442E-936C-68BB00B87AB5}.Release|Any CPU.ActiveCfg = Release|Any CPU
		{FA01EB5D-9466-442E-936C-68BB00B87AB5}.Release|Any CPU.Build.0 = Release|Any CPU
		{64C0784E-7543-4B14-BAF7-0BAE643C1B93}.Debug|Any CPU.ActiveCfg = Debug|Any CPU
		{64C0784E-7543-4B14-BAF7-0BAE643C1B93}.Debug|Any CPU.Build.0 = Debug|Any CPU
		{64C0784E-7543-4B14-BAF7-0BAE643C1B93}.Release|Any CPU.ActiveCfg = Release|Any CPU
		{64C0784E-7543-4B14-BAF7-0BAE643C1B93}.Release|Any CPU.Build.0 = Release|Any CPU
		{E0AA4D51-DFEB-43ED-8FC1-975ED9E263F0}.Debug|Any CPU.ActiveCfg = Debug|Any CPU
		{E0AA4D51-DFEB-43ED-8FC1-975ED9E263F0}.Debug|Any CPU.Build.0 = Debug|Any CPU
		{E0AA4D51-DFEB-43ED-8FC1-975ED9E263F0}.Release|Any CPU.ActiveCfg = Release|Any CPU
		{E0AA4D51-DFEB-43ED-8FC1-975ED9E263F0}.Release|Any CPU.Build.0 = Release|Any CPU
		{C53CF9A0-6310-4796-B733-86BCA0E87A43}.Debug|Any CPU.ActiveCfg = Debug|Any CPU
		{C53CF9A0-6310-4796-B733-86BCA0E87A43}.Debug|Any CPU.Build.0 = Debug|Any CPU
		{C53CF9A0-6310-4796-B733-86BCA0E87A43}.Release|Any CPU.ActiveCfg = Release|Any CPU
		{C53CF9A0-6310-4796-B733-86BCA0E87A43}.Release|Any CPU.Build.0 = Release|Any CPU
	EndGlobalSection
	GlobalSection(SolutionProperties) = preSolution
		HideSolutionNode = FALSE
	EndGlobalSection
	GlobalSection(ExtensibilityGlobals) = postSolution
		SolutionGuid = {F4827BDF-0400-4922-991C-627C4EA2F799}
	EndGlobalSection
EndGlobal
